
Microsoft Visual Studio Solution File, Format Version 12.00
# Visual Studio Version 16
VisualStudioVersion = 16.0.31702.278
MinimumVisualStudioVersion = 10.0.40219.1
Project("{9092AA53-FB77-4645-B42D-1CCCA6BD08BD}") = "LearnThreejs", "LearnThreejs.njsproj", "{81F437E7-42F5-43F9-8244-E347DBC5ABFD}"
EndProject
Global
	GlobalSection(SolutionConfigurationPlatforms) = preSolution
		Debug|Any CPU = Debug|Any CPU
		Release|Any CPU = Release|Any CPU
	EndGlobalSection
	GlobalSection(ProjectConfigurationPlatforms) = postSolution
		{81F437E7-42F5-43F9-8244-E347DBC5ABFD}.Debug|Any CPU.ActiveCfg = Debug|Any CPU
		{81F437E7-42F5-43F9-8244-E347DBC5ABFD}.Debug|Any CPU.Build.0 = Debug|Any CPU
		{81F437E7-42F5-43F9-8244-E347DBC5ABFD}.Release|Any CPU.ActiveCfg = Release|Any CPU
		{81F437E7-42F5-43F9-8244-E347DBC5ABFD}.Release|Any CPU.Build.0 = Release|Any CPU
	EndGlobalSection
	GlobalSection(SolutionProperties) = preSolution
		HideSolutionNode = FALSE
	EndGlobalSection
	GlobalSection(ExtensibilityGlobals) = postSolution
		SolutionGuid = {263D80B0-A27A-40A6-92DE-C514BE8A4919}
	EndGlobalSection
EndGlobal
